
Microsoft Visual Studio Solution File, Format Version 12.00
# Visual Studio Version 16
VisualStudioVersion = 16.0.30011.22
MinimumVisualStudioVersion = 10.0.40219.1
Project("{FAE04EC0-301F-11D3-BF4B-00C04F79EFBC}") = "FF4EncountViewer", "FF4EncountViewer\FF4EncountViewer.csproj", "{B3AEB21F-C106-4FAA-89C3-689B55B3E12F}"
EndProject
Global
	GlobalSection(SolutionConfigurationPlatforms) = preSolution
		Debug|Any CPU = Debug|Any CPU
		Release|Any CPU = Release|Any CPU
	EndGlobalSection
	GlobalSection(ProjectConfigurationPlatforms) = postSolution
		{B3AEB21F-C106-4FAA-89C3-689B55B3E12F}.Debug|Any CPU.ActiveCfg = Debug|Any CPU
		{B3AEB21F-C106-4FAA-89C3-689B55B3E12F}.Debug|Any CPU.Build.0 = Debug|Any CPU
		{B3AEB21F-C106-4FAA-89C3-689B55B3E12F}.Release|Any CPU.ActiveCfg = Release|Any CPU
		{B3AEB21F-C106-4FAA-89C3-689B55B3E12F}.Release|Any CPU.Build.0 = Release|Any CPU
	EndGlobalSection
	GlobalSection(SolutionProperties) = preSolution
		HideSolutionNode = FALSE
	EndGlobalSection
	GlobalSection(ExtensibilityGlobals) = postSolution
		SolutionGuid = {92DCCC83-26BD-4B88-81B2-2265B607DD26}
	EndGlobalSection
EndGlobal
